// !$*UTF8*$!
{
	archiveVersion = 1;
	classes = {
	};
	objectVersion = 50;
	objects = {

/* Begin PBXBuildFile section */
		9BA2B715240D144C001DD893 /* AppDelegate.swift in Sources */ = {isa = PBXBuildFile; fileRef = 9BA2B714240D144C001DD893 /* AppDelegate.swift */; };
		9BA2B717240D144C001DD893 /* SceneDelegate.swift in Sources */ = {isa = PBXBuildFile; fileRef = 9BA2B716240D144C001DD893 /* SceneDelegate.swift */; };
		9BA2B71B240D1450001DD893 /* Assets.xcassets in Resources */ = {isa = PBXBuildFile; fileRef = 9BA2B71A240D1450001DD893 /* Assets.xcassets */; };
		9BA2B71E240D1450001DD893 /* Preview Assets.xcassets in Resources */ = {isa = PBXBuildFile; fileRef = 9BA2B71D240D1450001DD893 /* Preview Assets.xcassets */; };
		9BA2B721240D1450001DD893 /* LaunchScreen.storyboard in Resources */ = {isa = PBXBuildFile; fileRef = 9BA2B71F240D1450001DD893 /* LaunchScreen.storyboard */; };
		9BA2B729240D147D001DD893 /* GitHubService.swift in Sources */ = {isa = PBXBuildFile; fileRef = 9BA2B728240D147D001DD893 /* GitHubService.swift */; };
		9BA2B72D240D14C4001DD893 /* Repository.swift in Sources */ = {isa = PBXBuildFile; fileRef = 9BA2B72C240D14C4001DD893 /* Repository.swift */; };
		9BA2B72F240D14CA001DD893 /* User.swift in Sources */ = {isa = PBXBuildFile; fileRef = 9BA2B72E240D14CA001DD893 /* User.swift */; };
		9BA2B731240D14D9001DD893 /* Issue.swift in Sources */ = {isa = PBXBuildFile; fileRef = 9BA2B730240D14D9001DD893 /* Issue.swift */; };
		9BA2B737240D182D001DD893 /* HomeView.swift in Sources */ = {isa = PBXBuildFile; fileRef = 9BA2B736240D182D001DD893 /* HomeView.swift */; };
		9BA2B739240D267E001DD893 /* ProfileView.swift in Sources */ = {isa = PBXBuildFile; fileRef = 9BA2B738240D267E001DD893 /* ProfileView.swift */; };
		9BA2B73B240D2689001DD893 /* LoginView.swift in Sources */ = {isa = PBXBuildFile; fileRef = 9BA2B73A240D2689001DD893 /* LoginView.swift */; };
		9BA2B73D240D27AB001DD893 /* ContentView.swift in Sources */ = {isa = PBXBuildFile; fileRef = 9BA2B73C240D27AB001DD893 /* ContentView.swift */; };
		9BA2B73F240D2813001DD893 /* LoginService.swift in Sources */ = {isa = PBXBuildFile; fileRef = 9BA2B73E240D2813001DD893 /* LoginService.swift */; };
		9BA2B741240D28CC001DD893 /* String+Extras.swift in Sources */ = {isa = PBXBuildFile; fileRef = 9BA2B740240D28CC001DD893 /* String+Extras.swift */; };
		9BA2B744240D2A16001DD893 /* MainView.swift in Sources */ = {isa = PBXBuildFile; fileRef = 9BA2B743240D2A16001DD893 /* MainView.swift */; };
		9BA2B746240D2C68001DD893 /* SettingsView.swift in Sources */ = {isa = PBXBuildFile; fileRef = 9BA2B745240D2C68001DD893 /* SettingsView.swift */; };
		9BA2B748240D3224001DD893 /* Publisher+Extras.swift in Sources */ = {isa = PBXBuildFile; fileRef = 9BA2B747240D3224001DD893 /* Publisher+Extras.swift */; };
		9BA2B74C240D441A001DD893 /* Profile.swift in Sources */ = {isa = PBXBuildFile; fileRef = 9BA2B74B240D441A001DD893 /* Profile.swift */; };
		9BC8EB21240E5C5A004F956C /* RepositoryView.swift in Sources */ = {isa = PBXBuildFile; fileRef = 9BC8EB20240E5C5A004F956C /* RepositoryView.swift */; };
/* End PBXBuildFile section */

/* Begin PBXFileReference section */
		9BA2B711240D144C001DD893 /* QuickGit.app */ = {isa = PBXFileReference; explicitFileType = wrapper.application; includeInIndex = 0; path = QuickGit.app; sourceTree = BUILT_PRODUCTS_DIR; };
		9BA2B714240D144C001DD893 /* AppDelegate.swift */ = {isa = PBXFileReference; lastKnownFileType = sourcecode.swift; path = AppDelegate.swift; sourceTree = "<group>"; };
		9BA2B716240D144C001DD893 /* SceneDelegate.swift */ = {isa = PBXFileReference; lastKnownFileType = sourcecode.swift; path = SceneDelegate.swift; sourceTree = "<group>"; };
		9BA2B71A240D1450001DD893 /* Assets.xcassets */ = {isa = PBXFileReference; lastKnownFileType = folder.assetcatalog; path = Assets.xcassets; sourceTree = "<group>"; };
		9BA2B71D240D1450001DD893 /* Preview Assets.xcassets */ = {isa = PBXFileReference; lastKnownFileType = folder.assetcatalog; path = "Preview Assets.xcassets"; sourceTree = "<group>"; };
		9BA2B720240D1450001DD893 /* Base */ = {isa = PBXFileReference; lastKnownFileType = file.storyboard; name = Base; path = Base.lproj/LaunchScreen.storyboard; sourceTree = "<group>"; };
		9BA2B722240D1450001DD893 /* Info.plist */ = {isa = PBXFileReference; lastKnownFileType = text.plist.xml; path = Info.plist; sourceTree = "<group>"; };
		9BA2B728240D147D001DD893 /* GitHubService.swift */ = {isa = PBXFileReference; lastKnownFileType = sourcecode.swift; path = GitHubService.swift; sourceTree = "<group>"; };
		9BA2B72C240D14C4001DD893 /* Repository.swift */ = {isa = PBXFileReference; lastKnownFileType = sourcecode.swift; path = Repository.swift; sourceTree = "<group>"; };
		9BA2B72E240D14CA001DD893 /* User.swift */ = {isa = PBXFileReference; lastKnownFileType = sourcecode.swift; path = User.swift; sourceTree = "<group>"; };
		9BA2B730240D14D9001DD893 /* Issue.swift */ = {isa = PBXFileReference; lastKnownFileType = sourcecode.swift; path = Issue.swift; sourceTree = "<group>"; };
		9BA2B736240D182D001DD893 /* HomeView.swift */ = {isa = PBXFileReference; lastKnownFileType = sourcecode.swift; path = HomeView.swift; sourceTree = "<group>"; };
		9BA2B738240D267E001DD893 /* ProfileView.swift */ = {isa = PBXFileReference; lastKnownFileType = sourcecode.swift; path = ProfileView.swift; sourceTree = "<group>"; };
		9BA2B73A240D2689001DD893 /* LoginView.swift */ = {isa = PBXFileReference; lastKnownFileType = sourcecode.swift; path = LoginView.swift; sourceTree = "<group>"; };
		9BA2B73C240D27AB001DD893 /* ContentView.swift */ = {isa = PBXFileReference; lastKnownFileType = sourcecode.swift; path = ContentView.swift; sourceTree = "<group>"; };
		9BA2B73E240D2813001DD893 /* LoginService.swift */ = {isa = PBXFileReference; lastKnownFileType = sourcecode.swift; path = LoginService.swift; sourceTree = "<group>"; };
		9BA2B740240D28CC001DD893 /* String+Extras.swift */ = {isa = PBXFileReference; lastKnownFileType = sourcecode.swift; path = "String+Extras.swift"; sourceTree = "<group>"; };
		9BA2B743240D2A16001DD893 /* MainView.swift */ = {isa = PBXFileReference; lastKnownFileType = sourcecode.swift; path = MainView.swift; sourceTree = "<group>"; };
		9BA2B745240D2C68001DD893 /* SettingsView.swift */ = {isa = PBXFileReference; lastKnownFileType = sourcecode.swift; path = SettingsView.swift; sourceTree = "<group>"; };
		9BA2B747240D3224001DD893 /* Publisher+Extras.swift */ = {isa = PBXFileReference; lastKnownFileType = sourcecode.swift; path = "Publisher+Extras.swift"; sourceTree = "<group>"; };
		9BA2B749240D3C7C001DD893 /* ProfileView.swift */ = {isa = PBXFileReference; lastKnownFileType = sourcecode.swift; path = ProfileView.swift; sourceTree = "<group>"; };
		9BA2B74B240D441A001DD893 /* Profile.swift */ = {isa = PBXFileReference; lastKnownFileType = sourcecode.swift; path = Profile.swift; sourceTree = "<group>"; };
		9BC8EB20240E5C5A004F956C /* RepositoryView.swift */ = {isa = PBXFileReference; fileEncoding = 4; lastKnownFileType = sourcecode.swift; path = RepositoryView.swift; sourceTree = "<group>"; };
/* End PBXFileReference section */

/* Begin PBXFrameworksBuildPhase section */
		9BA2B70E240D144C001DD893 /* Frameworks */ = {
			isa = PBXFrameworksBuildPhase;
			buildActionMask = 2147483647;
			files = (
			);
			runOnlyForDeploymentPostprocessing = 0;
		};
/* End PBXFrameworksBuildPhase section */

/* Begin PBXGroup section */
		9BA2B708240D144C001DD893 = {
			isa = PBXGroup;
			children = (
				9BA2B713240D144C001DD893 /* QuickGit */,
				9BA2B712240D144C001DD893 /* Products */,
			);
			sourceTree = "<group>";
		};
		9BA2B712240D144C001DD893 /* Products */ = {
			isa = PBXGroup;
			children = (
				9BA2B711240D144C001DD893 /* QuickGit.app */,
			);
			name = Products;
			sourceTree = "<group>";
		};
		9BA2B713240D144C001DD893 /* QuickGit */ = {
			isa = PBXGroup;
			children = (
				9BA2B733240D1734001DD893 /* Common */,
				9BA2B732240D172C001DD893 /* View */,
				9BA2B72A240D14A7001DD893 /* Model */,
				9BA2B72B240D14AF001DD893 /* Services */,
				9BA2B742240D28D7001DD893 /* Extensions */,
				9BA2B71C240D1450001DD893 /* Preview Content */,
			);
			path = QuickGit;
			sourceTree = "<group>";
		};
		9BA2B71C240D1450001DD893 /* Preview Content */ = {
			isa = PBXGroup;
			children = (
				9BA2B71D240D1450001DD893 /* Preview Assets.xcassets */,
			);
			path = "Preview Content";
			sourceTree = "<group>";
		};
		9BA2B72A240D14A7001DD893 /* Model */ = {
			isa = PBXGroup;
			children = (
				9BA2B72E240D14CA001DD893 /* User.swift */,
				9BA2B730240D14D9001DD893 /* Issue.swift */,
				9BA2B74B240D441A001DD893 /* Profile.swift */,
				9BA2B72C240D14C4001DD893 /* Repository.swift */,
			);
			path = Model;
			sourceTree = "<group>";
		};
		9BA2B72B240D14AF001DD893 /* Services */ = {
			isa = PBXGroup;
			children = (
				9BA2B73E240D2813001DD893 /* LoginService.swift */,
				9BA2B728240D147D001DD893 /* GitHubService.swift */,
			);
			path = Services;
			sourceTree = "<group>";
		};
		9BA2B732240D172C001DD893 /* View */ = {
			isa = PBXGroup;
			children = (
				9BA2B73C240D27AB001DD893 /* ContentView.swift */,
				9BA2B73A240D2689001DD893 /* LoginView.swift */,
				9BA2B736240D182D001DD893 /* HomeView.swift */,
				9BA2B743240D2A16001DD893 /* MainView.swift */,
				9BC8EB20240E5C5A004F956C /* RepositoryView.swift */,
				9BA2B749240D3C7C001DD893 /* ProfileView.swift */,
				9BA2B745240D2C68001DD893 /* SettingsView.swift */,
				9BA2B738240D267E001DD893 /* ProfileView.swift */,
			);
			path = View;
			sourceTree = "<group>";
		};
		9BA2B733240D1734001DD893 /* Common */ = {
			isa = PBXGroup;
			children = (
				9BA2B714240D144C001DD893 /* AppDelegate.swift */,
				9BA2B716240D144C001DD893 /* SceneDelegate.swift */,
				9BA2B71A240D1450001DD893 /* Assets.xcassets */,
				9BA2B71F240D1450001DD893 /* LaunchScreen.storyboard */,
				9BA2B722240D1450001DD893 /* Info.plist */,
			);
			path = Common;
			sourceTree = "<group>";
		};
		9BA2B742240D28D7001DD893 /* Extensions */ = {
			isa = PBXGroup;
			children = (
				9BA2B740240D28CC001DD893 /* String+Extras.swift */,
				9BA2B747240D3224001DD893 /* Publisher+Extras.swift */,
			);
			path = Extensions;
			sourceTree = "<group>";
		};
/* End PBXGroup section */

/* Begin PBXNativeTarget section */
		9BA2B710240D144C001DD893 /* QuickGit */ = {
			isa = PBXNativeTarget;
			buildConfigurationList = 9BA2B725240D1450001DD893 /* Build configuration list for PBXNativeTarget "QuickGit" */;
			buildPhases = (
				9BA2B70D240D144C001DD893 /* Sources */,
				9BA2B70E240D144C001DD893 /* Frameworks */,
				9BA2B70F240D144C001DD893 /* Resources */,
			);
			buildRules = (
			);
			dependencies = (
			);
			name = QuickGit;
			productName = QuickGit;
			productReference = 9BA2B711240D144C001DD893 /* QuickGit.app */;
			productType = "com.apple.product-type.application";
		};
/* End PBXNativeTarget section */

/* Begin PBXProject section */
		9BA2B709240D144C001DD893 /* Project object */ = {
			isa = PBXProject;
			attributes = {
				LastSwiftUpdateCheck = 1130;
				LastUpgradeCheck = 1130;
				ORGANIZATIONNAME = "QuickBird Studios";
				TargetAttributes = {
					9BA2B710240D144C001DD893 = {
						CreatedOnToolsVersion = 11.3.1;
					};
				};
			};
			buildConfigurationList = 9BA2B70C240D144C001DD893 /* Build configuration list for PBXProject "QuickGit" */;
			compatibilityVersion = "Xcode 9.3";
			developmentRegion = en;
			hasScannedForEncodings = 0;
			knownRegions = (
				en,
				Base,
			);
			mainGroup = 9BA2B708240D144C001DD893;
			productRefGroup = 9BA2B712240D144C001DD893 /* Products */;
			projectDirPath = "";
			projectRoot = "";
			targets = (
				9BA2B710240D144C001DD893 /* QuickGit */,
			);
		};
/* End PBXProject section */

/* Begin PBXResourcesBuildPhase section */
		9BA2B70F240D144C001DD893 /* Resources */ = {
			isa = PBXResourcesBuildPhase;
			buildActionMask = 2147483647;
			files = (
				9BA2B721240D1450001DD893 /* LaunchScreen.storyboard in Resources */,
				9BA2B71E240D1450001DD893 /* Preview Assets.xcassets in Resources */,
				9BA2B71B240D1450001DD893 /* Assets.xcassets in Resources */,
			);
			runOnlyForDeploymentPostprocessing = 0;
		};
/* End PBXResourcesBuildPhase section */

/* Begin PBXSourcesBuildPhase section */
		9BA2B70D240D144C001DD893 /* Sources */ = {
			isa = PBXSourcesBuildPhase;
			buildActionMask = 2147483647;
			files = (
				9BA2B74C240D441A001DD893 /* Profile.swift in Sources */,
				9BA2B739240D267E001DD893 /* ProfileView.swift in Sources */,
				9BA2B744240D2A16001DD893 /* MainView.swift in Sources */,
				9BA2B715240D144C001DD893 /* AppDelegate.swift in Sources */,
				9BA2B731240D14D9001DD893 /* Issue.swift in Sources */,
				9BA2B73B240D2689001DD893 /* LoginView.swift in Sources */,
				9BA2B741240D28CC001DD893 /* String+Extras.swift in Sources */,
				9BA2B717240D144C001DD893 /* SceneDelegate.swift in Sources */,
				9BA2B746240D2C68001DD893 /* SettingsView.swift in Sources */,
				9BA2B72F240D14CA001DD893 /* User.swift in Sources */,
				9BA2B73F240D2813001DD893 /* LoginService.swift in Sources */,
				9BA2B73D240D27AB001DD893 /* ContentView.swift in Sources */,
				9BA2B748240D3224001DD893 /* Publisher+Extras.swift in Sources */,
				9BC8EB21240E5C5A004F956C /* RepositoryView.swift in Sources */,
				9BA2B72D240D14C4001DD893 /* Repository.swift in Sources */,
				9BA2B737240D182D001DD893 /* HomeView.swift in Sources */,
				9BA2B729240D147D001DD893 /* GitHubService.swift in Sources */,
			);
			runOnlyForDeploymentPostprocessing = 0;
		};
/* End PBXSourcesBuildPhase section */

/* Begin PBXVariantGroup section */
		9BA2B71F240D1450001DD893 /* LaunchScreen.storyboard */ = {
			isa = PBXVariantGroup;
			children = (
				9BA2B720240D1450001DD893 /* Base */,
			);
			name = LaunchScreen.storyboard;
			sourceTree = "<group>";
		};
/* End PBXVariantGroup section */

/* Begin XCBuildConfiguration section */
		9BA2B723240D1450001DD893 /* Debug */ = {
			isa = XCBuildConfiguration;
			buildSettings = {
				ALWAYS_SEARCH_USER_PATHS = NO;
				CLANG_ANALYZER_NONNULL = YES;
				CLANG_ANALYZER_NUMBER_OBJECT_CONVERSION = YES_AGGRESSIVE;
				CLANG_CXX_LANGUAGE_STANDARD = "gnu++14";
				CLANG_CXX_LIBRARY = "libc++";
				CLANG_ENABLE_MODULES = YES;
				CLANG_ENABLE_OBJC_ARC = YES;
				CLANG_ENABLE_OBJC_WEAK = YES;
				CLANG_WARN_BLOCK_CAPTURE_AUTORELEASING = YES;
				CLANG_WARN_BOOL_CONVERSION = YES;
				CLANG_WARN_COMMA = YES;
				CLANG_WARN_CONSTANT_CONVERSION = YES;
				CLANG_WARN_DEPRECATED_OBJC_IMPLEMENTATIONS = YES;
				CLANG_WARN_DIRECT_OBJC_ISA_USAGE = YES_ERROR;
				CLANG_WARN_DOCUMENTATION_COMMENTS = YES;
				CLANG_WARN_EMPTY_BODY = YES;
				CLANG_WARN_ENUM_CONVERSION = YES;
				CLANG_WARN_INFINITE_RECURSION = YES;
				CLANG_WARN_INT_CONVERSION = YES;
				CLANG_WARN_NON_LITERAL_NULL_CONVERSION = YES;
				CLANG_WARN_OBJC_IMPLICIT_RETAIN_SELF = YES;
				CLANG_WARN_OBJC_LITERAL_CONVERSION = YES;
				CLANG_WARN_OBJC_ROOT_CLASS = YES_ERROR;
				CLANG_WARN_RANGE_LOOP_ANALYSIS = YES;
				CLANG_WARN_STRICT_PROTOTYPES = YES;
				CLANG_WARN_SUSPICIOUS_MOVE = YES;
				CLANG_WARN_UNGUARDED_AVAILABILITY = YES_AGGRESSIVE;
				CLANG_WARN_UNREACHABLE_CODE = YES;
				CLANG_WARN__DUPLICATE_METHOD_MATCH = YES;
				COPY_PHASE_STRIP = NO;
				DEBUG_INFORMATION_FORMAT = dwarf;
				ENABLE_STRICT_OBJC_MSGSEND = YES;
				ENABLE_TESTABILITY = YES;
				GCC_C_LANGUAGE_STANDARD = gnu11;
				GCC_DYNAMIC_NO_PIC = NO;
				GCC_NO_COMMON_BLOCKS = YES;
				GCC_OPTIMIZATION_LEVEL = 0;
				GCC_PREPROCESSOR_DEFINITIONS = (
					"DEBUG=1",
					"$(inherited)",
				);
				GCC_WARN_64_TO_32_BIT_CONVERSION = YES;
				GCC_WARN_ABOUT_RETURN_TYPE = YES_ERROR;
				GCC_WARN_UNDECLARED_SELECTOR = YES;
				GCC_WARN_UNINITIALIZED_AUTOS = YES_AGGRESSIVE;
				GCC_WARN_UNUSED_FUNCTION = YES;
				GCC_WARN_UNUSED_VARIABLE = YES;
				IPHONEOS_DEPLOYMENT_TARGET = 13.2;
				MTL_ENABLE_DEBUG_INFO = INCLUDE_SOURCE;
				MTL_FAST_MATH = YES;
				ONLY_ACTIVE_ARCH = YES;
				SDKROOT = iphoneos;
				SWIFT_ACTIVE_COMPILATION_CONDITIONS = DEBUG;
				SWIFT_OPTIMIZATION_LEVEL = "-Onone";
			};
			name = Debug;
		};
		9BA2B724240D1450001DD893 /* Release */ = {
			isa = XCBuildConfiguration;
			buildSettings = {
				ALWAYS_SEARCH_USER_PATHS = NO;
				CLANG_ANALYZER_NONNULL = YES;
				CLANG_ANALYZER_NUMBER_OBJECT_CONVERSION = YES_AGGRESSIVE;
				CLANG_CXX_LANGUAGE_STANDARD = "gnu++14";
				CLANG_CXX_LIBRARY = "libc++";
				CLANG_ENABLE_MODULES = YES;
				CLANG_ENABLE_OBJC_ARC = YES;
				CLANG_ENABLE_OBJC_WEAK = YES;
				CLANG_WARN_BLOCK_CAPTURE_AUTORELEASING = YES;
				CLANG_WARN_BOOL_CONVERSION = YES;
				CLANG_WARN_COMMA = YES;
				CLANG_WARN_CONSTANT_CONVERSION = YES;
				CLANG_WARN_DEPRECATED_OBJC_IMPLEMENTATIONS = YES;
				CLANG_WARN_DIRECT_OBJC_ISA_USAGE = YES_ERROR;
				CLANG_WARN_DOCUMENTATION_COMMENTS = YES;
				CLANG_WARN_EMPTY_BODY = YES;
				CLANG_WARN_ENUM_CONVERSION = YES;
				CLANG_WARN_INFINITE_RECURSION = YES;
				CLANG_WARN_INT_CONVERSION = YES;
				CLANG_WARN_NON_LITERAL_NULL_CONVERSION = YES;
				CLANG_WARN_OBJC_IMPLICIT_RETAIN_SELF = YES;
				CLANG_WARN_OBJC_LITERAL_CONVERSION = YES;
				CLANG_WARN_OBJC_ROOT_CLASS = YES_ERROR;
				CLANG_WARN_RANGE_LOOP_ANALYSIS = YES;
				CLANG_WARN_STRICT_PROTOTYPES = YES;
				CLANG_WARN_SUSPICIOUS_MOVE = YES;
				CLANG_WARN_UNGUARDED_AVAILABILITY = YES_AGGRESSIVE;
				CLANG_WARN_UNREACHABLE_CODE = YES;
				CLANG_WARN__DUPLICATE_METHOD_MATCH = YES;
				COPY_PHASE_STRIP = NO;
				DEBUG_INFORMATION_FORMAT = "dwarf-with-dsym";
				ENABLE_NS_ASSERTIONS = NO;
				ENABLE_STRICT_OBJC_MSGSEND = YES;
				GCC_C_LANGUAGE_STANDARD = gnu11;
				GCC_NO_COMMON_BLOCKS = YES;
				GCC_WARN_64_TO_32_BIT_CONVERSION = YES;
				GCC_WARN_ABOUT_RETURN_TYPE = YES_ERROR;
				GCC_WARN_UNDECLARED_SELECTOR = YES;
				GCC_WARN_UNINITIALIZED_AUTOS = YES_AGGRESSIVE;
				GCC_WARN_UNUSED_FUNCTION = YES;
				GCC_WARN_UNUSED_VARIABLE = YES;
				IPHONEOS_DEPLOYMENT_TARGET = 13.2;
				MTL_ENABLE_DEBUG_INFO = NO;
				MTL_FAST_MATH = YES;
				SDKROOT = iphoneos;
				SWIFT_COMPILATION_MODE = wholemodule;
				SWIFT_OPTIMIZATION_LEVEL = "-O";
				VALIDATE_PRODUCT = YES;
			};
			name = Release;
		};
		9BA2B726240D1450001DD893 /* Debug */ = {
			isa = XCBuildConfiguration;
			buildSettings = {
				ASSETCATALOG_COMPILER_APPICON_NAME = AppIcon;
				CODE_SIGN_STYLE = Automatic;
				DEVELOPMENT_ASSET_PATHS = "\"QuickGit/Preview Content\"";
				DEVELOPMENT_TEAM = 77E79NGPCV;
				ENABLE_PREVIEWS = YES;
				INFOPLIST_FILE = QuickGit/Common/Info.plist;
				LD_RUNPATH_SEARCH_PATHS = (
					"$(inherited)",
					"@executable_path/Frameworks",
				);
				PRODUCT_BUNDLE_IDENTIFIER = com.quickbirdstudios.QuickGit;
				PRODUCT_NAME = "$(TARGET_NAME)";
				SWIFT_VERSION = 5.0;
				TARGETED_DEVICE_FAMILY = "1,2";
			};
			name = Debug;
		};
		9BA2B727240D1450001DD893 /* Release */ = {
			isa = XCBuildConfiguration;
			buildSettings = {
				ASSETCATALOG_COMPILER_APPICON_NAME = AppIcon;
				CODE_SIGN_STYLE = Automatic;
				DEVELOPMENT_ASSET_PATHS = "\"QuickGit/Preview Content\"";
				DEVELOPMENT_TEAM = 77E79NGPCV;
				ENABLE_PREVIEWS = YES;
				INFOPLIST_FILE = QuickGit/Common/Info.plist;
				LD_RUNPATH_SEARCH_PATHS = (
					"$(inherited)",
					"@executable_path/Frameworks",
				);
				PRODUCT_BUNDLE_IDENTIFIER = com.quickbirdstudios.QuickGit;
				PRODUCT_NAME = "$(TARGET_NAME)";
				SWIFT_VERSION = 5.0;
				TARGETED_DEVICE_FAMILY = "1,2";
			};
			name = Release;
		};
/* End XCBuildConfiguration section */

/* Begin XCConfigurationList section */
		9BA2B70C240D144C001DD893 /* Build configuration list for PBXProject "QuickGit" */ = {
			isa = XCConfigurationList;
			buildConfigurations = (
				9BA2B723240D1450001DD893 /* Debug */,
				9BA2B724240D1450001DD893 /* Release */,
			);
			defaultConfigurationIsVisible = 0;
			defaultConfigurationName = Release;
		};
		9BA2B725240D1450001DD893 /* Build configuration list for PBXNativeTarget "QuickGit" */ = {
			isa = XCConfigurationList;
			buildConfigurations = (
				9BA2B726240D1450001DD893 /* Debug */,
				9BA2B727240D1450001DD893 /* Release */,
			);
			defaultConfigurationIsVisible = 0;
			defaultConfigurationName = Release;
		};
/* End XCConfigurationList section */
	};
	rootObject = 9BA2B709240D144C001DD893 /* Project object */;
}
